
Microsoft Visual Studio Solution File, Format Version 12.00
# Visual Studio Version 16
VisualStudioVersion = 16.0.30114.105
MinimumVisualStudioVersion = 10.0.40219.1
Project("{FAE04EC0-301F-11D3-BF4B-00C04F79EFBC}") = "FDSim", "FDSim\FDSim.csproj", "{DD07DCEF-D593-4D16-AD3E-D714A9CCBD47}"
EndProject
Project("{FAE04EC0-301F-11D3-BF4B-00C04F79EFBC}") = "FDSim.Tests", "FDSim.Tests\FDSim.Tests.csproj", "{093E8732-1ED7-4BCE-BCE2-9C64727EB6F7}"
EndProject
Project("{FAE04EC0-301F-11D3-BF4B-00C04F79EFBC}") = "FDSim.Game", "FDSim.Game\FDSim.Game.csproj", "{8180BEEB-D807-4A7B-B173-75202BBBD928}"
EndProject
Global
	GlobalSection(SolutionConfigurationPlatforms) = preSolution
		Debug|Any CPU = Debug|Any CPU
		Release|Any CPU = Release|Any CPU
	EndGlobalSection
	GlobalSection(SolutionProperties) = preSolution
		HideSolutionNode = FALSE
	EndGlobalSection
	GlobalSection(ProjectConfigurationPlatforms) = postSolution
		{DD07DCEF-D593-4D16-AD3E-D714A9CCBD47}.Debug|Any CPU.ActiveCfg = Debug|Any CPU
		{DD07DCEF-D593-4D16-AD3E-D714A9CCBD47}.Debug|Any CPU.Build.0 = Debug|Any CPU
		{DD07DCEF-D593-4D16-AD3E-D714A9CCBD47}.Release|Any CPU.ActiveCfg = Release|Any CPU
		{DD07DCEF-D593-4D16-AD3E-D714A9CCBD47}.Release|Any CPU.Build.0 = Release|Any CPU
		{093E8732-1ED7-4BCE-BCE2-9C64727EB6F7}.Debug|Any CPU.ActiveCfg = Debug|Any CPU
		{093E8732-1ED7-4BCE-BCE2-9C64727EB6F7}.Debug|Any CPU.Build.0 = Debug|Any CPU
		{093E8732-1ED7-4BCE-BCE2-9C64727EB6F7}.Release|Any CPU.ActiveCfg = Release|Any CPU
		{093E8732-1ED7-4BCE-BCE2-9C64727EB6F7}.Release|Any CPU.Build.0 = Release|Any CPU
		{8180BEEB-D807-4A7B-B173-75202BBBD928}.Debug|Any CPU.ActiveCfg = Debug|Any CPU
		{8180BEEB-D807-4A7B-B173-75202BBBD928}.Debug|Any CPU.Build.0 = Debug|Any CPU
		{8180BEEB-D807-4A7B-B173-75202BBBD928}.Release|Any CPU.ActiveCfg = Release|Any CPU
		{8180BEEB-D807-4A7B-B173-75202BBBD928}.Release|Any CPU.Build.0 = Release|Any CPU
	EndGlobalSection
EndGlobal
